
Microsoft Visual Studio Solution File, Format Version 12.00
# Visual Studio 15
VisualStudioVersion = 15.0.28307.271
MinimumVisualStudioVersion = 10.0.40219.1
Project("{FAE04EC0-301F-11D3-BF4B-00C04F79EFBC}") = "Git_workshop-7", "Git_workshop-7\Git_workshop-7.csproj", "{ED45D4B6-6754-4D72-BDC4-1BD5429E8E94}"
EndProject
Global
	GlobalSection(SolutionConfigurationPlatforms) = preSolution
		Debug|Any CPU = Debug|Any CPU
		Release|Any CPU = Release|Any CPU
	EndGlobalSection
	GlobalSection(ProjectConfigurationPlatforms) = postSolution
		{ED45D4B6-6754-4D72-BDC4-1BD5429E8E94}.Debug|Any CPU.ActiveCfg = Debug|Any CPU
		{ED45D4B6-6754-4D72-BDC4-1BD5429E8E94}.Debug|Any CPU.Build.0 = Debug|Any CPU
		{ED45D4B6-6754-4D72-BDC4-1BD5429E8E94}.Release|Any CPU.ActiveCfg = Release|Any CPU
		{ED45D4B6-6754-4D72-BDC4-1BD5429E8E94}.Release|Any CPU.Build.0 = Release|Any CPU
	EndGlobalSection
	GlobalSection(SolutionProperties) = preSolution
		HideSolutionNode = FALSE
	EndGlobalSection
	GlobalSection(ExtensibilityGlobals) = postSolution
		SolutionGuid = {C9FD2346-147F-4569-AFCF-3DD1A0D5EA47}
	EndGlobalSection
EndGlobal
